{
    "_readme": [
        "This file locks the dependencies of your project to a known state",
        "Read more about it at https://getcomposer.org/doc/01-basic-usage.md#composer-lock-the-lock-file",
        "This file is @generated automatically"
    ],
    "hash": "3457ea4da9a4907358aac6fba4dfeb52",
    "content-hash": "2a141fad9ce0aef3b01e8d8e4eac0efb",
    "packages": [
        {
            "name": "doctrine/annotations",
            "version": "v1.4.0",
            "source": {
                "type": "git",
                "url": "https://github.com/doctrine/annotations.git",
                "reference": "54cacc9b81758b14e3ce750f205a393d52339e97"
            },
            "dist": {
                "type": "zip",
                "url": "https://api.github.com/repos/doctrine/annotations/zipball/54cacc9b81758b14e3ce750f205a393d52339e97",
                "reference": "54cacc9b81758b14e3ce750f205a393d52339e97",
                "shasum": ""
            },
            "require": {
                "doctrine/lexer": "1.*",
                "php": "^5.6 || ^7.0"
            },
            "require-dev": {
                "doctrine/cache": "1.*",
                "phpunit/phpunit": "^5.7"
            },
            "type": "library",
            "extra": {
                "branch-alias": {
                    "dev-master": "1.4.x-dev"
                }
            },
            "autoload": {
                "psr-4": {
                    "Doctrine\\Common\\Annotations\\": "lib/Doctrine/Common/Annotations"
                }
            },
            "notification-url": "https://packagist.org/downloads/",
            "license": [
                "MIT"
            ],
            "authors": [
                {
                    "name": "Roman Borschel",
                    "email": "roman@code-factory.org"
                },
                {
                    "name": "Benjamin Eberlei",
                    "email": "kontakt@beberlei.de"
                },
                {
                    "name": "Guilherme Blanco",
                    "email": "guilhermeblanco@gmail.com"
                },
                {
                    "name": "Jonathan Wage",
                    "email": "jonwage@gmail.com"
                },
                {
                    "name": "Johannes Schmitt",
                    "email": "schmittjoh@gmail.com"
                }
            ],
            "description": "Docblock Annotations Parser",
            "homepage": "http://www.doctrine-project.org",
            "keywords": [
                "annotations",
                "docblock",
                "parser"
            ],
            "time": "2017-02-24 16:22:25"
        },
        {
            "name": "doctrine/cache",
            "version": "v1.6.1",
            "source": {
                "type": "git",
                "url": "https://github.com/doctrine/cache.git",
                "reference": "b6f544a20f4807e81f7044d31e679ccbb1866dc3"
            },
            "dist": {
                "type": "zip",
                "url": "https://api.github.com/repos/doctrine/cache/zipball/b6f544a20f4807e81f7044d31e679ccbb1866dc3",
                "reference": "b6f544a20f4807e81f7044d31e679ccbb1866dc3",
                "shasum": ""
            },
            "require": {
                "php": "~5.5|~7.0"
            },
            "conflict": {
                "doctrine/common": ">2.2,<2.4"
            },
            "require-dev": {
                "phpunit/phpunit": "~4.8|~5.0",
                "predis/predis": "~1.0",
                "satooshi/php-coveralls": "~0.6"
            },
            "type": "library",
            "extra": {
                "branch-alias": {
                    "dev-master": "1.6.x-dev"
                }
            },
            "autoload": {
                "psr-4": {
                    "Doctrine\\Common\\Cache\\": "lib/Doctrine/Common/Cache"
                }
            },
            "notification-url": "https://packagist.org/downloads/",
            "license": [
                "MIT"
            ],
            "authors": [
                {
                    "name": "Roman Borschel",
                    "email": "roman@code-factory.org"
                },
                {
                    "name": "Benjamin Eberlei",
                    "email": "kontakt@beberlei.de"
                },
                {
                    "name": "Guilherme Blanco",
                    "email": "guilhermeblanco@gmail.com"
                },
                {
                    "name": "Jonathan Wage",
                    "email": "jonwage@gmail.com"
                },
                {
                    "name": "Johannes Schmitt",
                    "email": "schmittjoh@gmail.com"
                }
            ],
            "description": "Caching library offering an object-oriented API for many cache backends",
            "homepage": "http://www.doctrine-project.org",
            "keywords": [
                "cache",
                "caching"
            ],
            "time": "2016-10-29 11:16:17"
        },
        {
            "name": "doctrine/collections",
            "version": "v1.4.0",
            "source": {
                "type": "git",
                "url": "https://github.com/doctrine/collections.git",
                "reference": "1a4fb7e902202c33cce8c55989b945612943c2ba"
            },
            "dist": {
                "type": "zip",
                "url": "https://api.github.com/repos/doctrine/collections/zipball/1a4fb7e902202c33cce8c55989b945612943c2ba",
                "reference": "1a4fb7e902202c33cce8c55989b945612943c2ba",
                "shasum": ""
            },
            "require": {
                "php": "^5.6 || ^7.0"
            },
            "require-dev": {
                "doctrine/coding-standard": "~0.1@dev",
                "phpunit/phpunit": "^5.7"
            },
            "type": "library",
            "extra": {
                "branch-alias": {
                    "dev-master": "1.3.x-dev"
                }
            },
            "autoload": {
                "psr-0": {
                    "Doctrine\\Common\\Collections\\": "lib/"
                }
            },
            "notification-url": "https://packagist.org/downloads/",
            "license": [
                "MIT"
            ],
            "authors": [
                {
                    "name": "Roman Borschel",
                    "email": "roman@code-factory.org"
                },
                {
                    "name": "Benjamin Eberlei",
                    "email": "kontakt@beberlei.de"
                },
                {
                    "name": "Guilherme Blanco",
                    "email": "guilhermeblanco@gmail.com"
                },
                {
                    "name": "Jonathan Wage",
                    "email": "jonwage@gmail.com"
                },
                {
                    "name": "Johannes Schmitt",
                    "email": "schmittjoh@gmail.com"
                }
            ],
            "description": "Collections Abstraction library",
            "homepage": "http://www.doctrine-project.org",
            "keywords": [
                "array",
                "collections",
                "iterator"
            ],
            "time": "2017-01-03 10:49:41"
        },
        {
            "name": "doctrine/common",
            "version": "v2.7.2",
            "source": {
                "type": "git",
                "url": "https://github.com/doctrine/common.git",
                "reference": "930297026c8009a567ac051fd545bf6124150347"
            },
            "dist": {
                "type": "zip",
                "url": "https://api.github.com/repos/doctrine/common/zipball/930297026c8009a567ac051fd545bf6124150347",
                "reference": "930297026c8009a567ac051fd545bf6124150347",
                "shasum": ""
            },
            "require": {
                "doctrine/annotations": "1.*",
                "doctrine/cache": "1.*",
                "doctrine/collections": "1.*",
                "doctrine/inflector": "1.*",
                "doctrine/lexer": "1.*",
                "php": "~5.6|~7.0"
            },
            "require-dev": {
                "phpunit/phpunit": "^5.4.6"
            },
            "type": "library",
            "extra": {
                "branch-alias": {
                    "dev-master": "2.7.x-dev"
                }
            },
            "autoload": {
                "psr-4": {
                    "Doctrine\\Common\\": "lib/Doctrine/Common"
                }
            },
            "notification-url": "https://packagist.org/downloads/",
            "license": [
                "MIT"
            ],
            "authors": [
                {
                    "name": "Roman Borschel",
                    "email": "roman@code-factory.org"
                },
                {
                    "name": "Benjamin Eberlei",
                    "email": "kontakt@beberlei.de"
                },
                {
                    "name": "Guilherme Blanco",
                    "email": "guilhermeblanco@gmail.com"
                },
                {
                    "name": "Jonathan Wage",
                    "email": "jonwage@gmail.com"
                },
                {
                    "name": "Johannes Schmitt",
                    "email": "schmittjoh@gmail.com"
                }
            ],
            "description": "Common Library for Doctrine projects",
            "homepage": "http://www.doctrine-project.org",
            "keywords": [
                "annotations",
                "collections",
                "eventmanager",
                "persistence",
                "spl"
            ],
            "time": "2017-01-13 14:02:13"
        },
        {
            "name": "doctrine/inflector",
            "version": "v1.1.0",
            "source": {
                "type": "git",
                "url": "https://github.com/doctrine/inflector.git",
                "reference": "90b2128806bfde671b6952ab8bea493942c1fdae"
            },
            "dist": {
                "type": "zip",
                "url": "https://api.github.com/repos/doctrine/inflector/zipball/90b2128806bfde671b6952ab8bea493942c1fdae",
                "reference": "90b2128806bfde671b6952ab8bea493942c1fdae",
                "shasum": ""
            },
            "require": {
                "php": ">=5.3.2"
            },
            "require-dev": {
                "phpunit/phpunit": "4.*"
            },
            "type": "library",
            "extra": {
                "branch-alias": {
                    "dev-master": "1.1.x-dev"
                }
            },
            "autoload": {
                "psr-0": {
                    "Doctrine\\Common\\Inflector\\": "lib/"
                }
            },
            "notification-url": "https://packagist.org/downloads/",
            "license": [
                "MIT"
            ],
            "authors": [
                {
                    "name": "Roman Borschel",
                    "email": "roman@code-factory.org"
                },
                {
                    "name": "Benjamin Eberlei",
                    "email": "kontakt@beberlei.de"
                },
                {
                    "name": "Guilherme Blanco",
                    "email": "guilhermeblanco@gmail.com"
                },
                {
                    "name": "Jonathan Wage",
                    "email": "jonwage@gmail.com"
                },
                {
                    "name": "Johannes Schmitt",
                    "email": "schmittjoh@gmail.com"
                }
            ],
            "description": "Common String Manipulations with regard to casing and singular/plural rules.",
            "homepage": "http://www.doctrine-project.org",
            "keywords": [
                "inflection",
                "pluralize",
                "singularize",
                "string"
            ],
            "time": "2015-11-06 14:35:42"
        },
        {
            "name": "doctrine/lexer",
            "version": "v1.0.1",
            "source": {
                "type": "git",
                "url": "https://github.com/doctrine/lexer.git",
                "reference": "83893c552fd2045dd78aef794c31e694c37c0b8c"
            },
            "dist": {
                "type": "zip",
                "url": "https://api.github.com/repos/doctrine/lexer/zipball/83893c552fd2045dd78aef794c31e694c37c0b8c",
                "reference": "83893c552fd2045dd78aef794c31e694c37c0b8c",
                "shasum": ""
            },
            "require": {
                "php": ">=5.3.2"
            },
            "type": "library",
            "extra": {
                "branch-alias": {
                    "dev-master": "1.0.x-dev"
                }
            },
            "autoload": {
                "psr-0": {
                    "Doctrine\\Common\\Lexer\\": "lib/"
                }
            },
            "notification-url": "https://packagist.org/downloads/",
            "license": [
                "MIT"
            ],
            "authors": [
                {
                    "name": "Roman Borschel",
                    "email": "roman@code-factory.org"
                },
                {
                    "name": "Guilherme Blanco",
                    "email": "guilhermeblanco@gmail.com"
                },
                {
                    "name": "Johannes Schmitt",
                    "email": "schmittjoh@gmail.com"
                }
            ],
            "description": "Base library for a lexer that can be used in Top-Down, Recursive Descent Parsers.",
            "homepage": "http://www.doctrine-project.org",
            "keywords": [
                "lexer",
                "parser"
            ],
            "time": "2014-09-09 13:34:57"
        },
        {
            "name": "florianwolters/component-core-stringutils",
            "version": "v0.3.1",
            "source": {
                "type": "git",
                "url": "https://github.com/FlorianWolters/PHP-Component-Core-StringUtils.git",
                "reference": "51978fa9a4d30104192036f0b1f11fc1c3bc4667"
            },
            "dist": {
                "type": "zip",
                "url": "https://api.github.com/repos/FlorianWolters/PHP-Component-Core-StringUtils/zipball/51978fa9a4d30104192036f0b1f11fc1c3bc4667",
                "reference": "51978fa9a4d30104192036f0b1f11fc1c3bc4667",
                "shasum": ""
            },
            "require": {
                "php": ">=5.3"
            },
            "type": "library",
            "autoload": {
                "psr-0": {
                    "FlorianWolters": "src/php"
                }
            },
            "notification-url": "https://packagist.org/downloads/",
            "license": [
                "LGPL-3.0+"
            ],
            "authors": [
                {
                    "name": "Florian Wolters",
                    "email": "wolters.fl@gmail.com",
                    "homepage": "http://blog.florianwolters.de",
                    "role": "Developer"
                }
            ],
            "description": "Offers operations on the data type string as a PHP component.",
            "homepage": "http://github.com/FlorianWolters/PHP-Component-Core-StringUtils",
            "keywords": [
                "helper",
                "language",
                "string",
                "wrapper"
            ],
            "time": "2013-07-01 10:24:07"
        },
        {
            "name": "florianwolters/component-util-reflection",
            "version": "v0.2.0",
            "source": {
                "type": "git",
                "url": "https://github.com/FlorianWolters/PHP-Component-Util-Reflection.git",
                "reference": "ffc94b62e2834d7d0306374d952eda7a5abd1844"
            },
            "dist": {
                "type": "zip",
                "url": "https://api.github.com/repos/FlorianWolters/PHP-Component-Util-Reflection/zipball/ffc94b62e2834d7d0306374d952eda7a5abd1844",
                "reference": "ffc94b62e2834d7d0306374d952eda7a5abd1844",
                "shasum": ""
            },
            "require": {
                "florianwolters/component-core-stringutils": ">=0.2-beta",
                "php": ">=5.4"
            },
            "type": "library",
            "autoload": {
                "psr-0": {
                    "FlorianWolters": "src/php"
                }
            },
            "notification-url": "https://packagist.org/downloads/",
            "license": [
                "LGPL-3.0+"
            ],
            "authors": [
                {
                    "name": "Florian Wolters",
                    "email": "wolters.fl@gmail.com",
                    "homepage": "http://blog.florianwolters.de",
                    "role": "Developer"
                }
            ],
            "description": "Provides operations for the PHP Reflection API as a PHP component.",
            "homepage": "http://github.com/FlorianWolters/PHP-Component-Util-Reflection",
            "keywords": [
                "reflection",
                "utility"
            ],
            "time": "2013-03-19 16:42:41"
        },
        {
            "name": "florianwolters/component-util-singleton",
            "version": "v0.3.2",
            "source": {
                "type": "git",
                "url": "https://github.com/FlorianWolters/PHP-Component-Util-Singleton.git",
                "reference": "ab39ba531a38c3b76b4babb0035ce840cde7f443"
            },
            "dist": {
                "type": "zip",
                "url": "https://api.github.com/repos/FlorianWolters/PHP-Component-Util-Singleton/zipball/ab39ba531a38c3b76b4babb0035ce840cde7f443",
                "reference": "ab39ba531a38c3b76b4babb0035ce840cde7f443",
                "shasum": ""
            },
            "require": {
                "florianwolters/component-core-stringutils": "0.3.*",
                "florianwolters/component-util-reflection": "0.2.*",
                "php": ">=5.4"
            },
            "type": "library",
            "autoload": {
                "psr-0": {
                    "FlorianWolters": [
                        "src/php",
                        "src/tests/unit-tests/php",
                        "src/tests/mocks/php"
                    ]
                }
            },
            "notification-url": "https://packagist.org/downloads/",
            "license": [
                "LGPL-3.0+"
            ],
            "authors": [
                {
                    "name": "Florian Wolters",
                    "email": "wolters.fl@gmail.com",
                    "homepage": "http://blog.florianwolters.de",
                    "role": "Developer"
                }
            ],
            "description": "The Singleton (and Registry of Singletons a.k.a. Multiton) design pattern as a PHP component.",
            "homepage": "http://github.com/FlorianWolters/PHP-Component-Util-Singleton",
            "keywords": [
                "creation",
                "pattern",
                "singleton",
                "utility"
            ],
            "time": "2013-06-29 12:35:22"
        },
        {
            "name": "saxulum/saxulum-annotation-manager",
            "version": "1.2.0",
            "source": {
                "type": "git",
                "url": "https://github.com/saxulum/saxulum-annotation-manager.git",
                "reference": "c0c114e59eb1d7c6d8b66656afc69665b144cfd7"
            },
            "dist": {
                "type": "zip",
                "url": "https://api.github.com/repos/saxulum/saxulum-annotation-manager/zipball/c0c114e59eb1d7c6d8b66656afc69665b144cfd7",
                "reference": "c0c114e59eb1d7c6d8b66656afc69665b144cfd7",
                "shasum": ""
            },
            "require": {
                "doctrine/annotations": "~1.1",
                "php": ">=5.3.9,<8.0",
                "saxulum/saxulum-classfinder": "~1.1,>=1.1.2",
                "symfony/finder": "~2.3|~3.0"
            },
            "require-dev": {
                "phpunit/phpunit": "~4.0"
            },
            "type": "library",
            "autoload": {
                "psr-4": {
                    "Saxulum\\AnnotationManager\\": "src/"
                }
            },
            "notification-url": "https://packagist.org/downloads/",
            "license": [
                "MIT"
            ],
            "authors": [
                {
                    "name": "Dominik Zogg",
                    "email": "dominik.zogg@gmail.com"
                }
            ],
            "description": "Saxulum Annotation Manager",
            "keywords": [
                "annotation",
                "manager",
                "saxulum"
            ],
            "time": "2015-12-13 12:18:04"
        },
        {
            "name": "saxulum/saxulum-classfinder",
            "version": "1.1.6",
            "source": {
                "type": "git",
                "url": "https://github.com/saxulum/saxulum-classfinder.git",
                "reference": "3cdab7011dcc381dad6224646ed703b52ffdcbea"
            },
            "dist": {
                "type": "zip",
                "url": "https://api.github.com/repos/saxulum/saxulum-classfinder/zipball/3cdab7011dcc381dad6224646ed703b52ffdcbea",
                "reference": "3cdab7011dcc381dad6224646ed703b52ffdcbea",
                "shasum": ""
            },
            "require": {
                "php": ">=5.3.3"
            },
            "require-dev": {
                "phpunit/phpunit": "3.7.*"
            },
            "type": "library",
            "autoload": {
                "psr-4": {
                    "Saxulum\\ClassFinder\\": "src/"
                }
            },
            "notification-url": "https://packagist.org/downloads/",
            "license": [
                "MIT"
            ],
            "authors": [
                {
                    "name": "Dominik Zogg",
                    "email": "dominik.zogg@gmail.com"
                }
            ],
            "description": "Saxulum ClassFinder",
            "keywords": [
                "class",
                "classfinder"
            ],
            "time": "2015-08-24 19:15:24"
        },
        {
            "name": "symfony/finder",
            "version": "v3.2.6",
            "source": {
                "type": "git",
                "url": "https://github.com/symfony/finder.git",
                "reference": "92d7476d2df60cd851a3e13e078664b1deb8ce10"
            },
            "dist": {
                "type": "zip",
                "url": "https://api.github.com/repos/symfony/finder/zipball/92d7476d2df60cd851a3e13e078664b1deb8ce10",
                "reference": "92d7476d2df60cd851a3e13e078664b1deb8ce10",
                "shasum": ""
            },
            "require": {
                "php": ">=5.5.9"
            },
            "type": "library",
            "extra": {
                "branch-alias": {
                    "dev-master": "3.2-dev"
                }
            },
            "autoload": {
                "psr-4": {
                    "Symfony\\Component\\Finder\\": ""
                },
                "exclude-from-classmap": [
                    "/Tests/"
                ]
            },
            "notification-url": "https://packagist.org/downloads/",
            "license": [
                "MIT"
            ],
            "authors": [
                {
                    "name": "Fabien Potencier",
                    "email": "fabien@symfony.com"
                },
                {
                    "name": "Symfony Community",
                    "homepage": "https://symfony.com/contributors"
                }
            ],
            "description": "Symfony Finder Component",
            "homepage": "https://symfony.com",
            "time": "2017-02-21 09:12:04"
        }
    ],
    "packages-dev": [],
    "aliases": [],
    "minimum-stability": "stable",
    "stability-flags": [],
    "prefer-stable": false,
    "prefer-lowest": false,
    "platform": [],
    "platform-dev": []
}
